
Microsoft Visual Studio Solution File, Format Version 12.00
# Visual Studio Version 17
VisualStudioVersion = 17.5.002.0
MinimumVisualStudioVersion = 10.0.40219.1
Project("{9A19103F-16F7-4668-BE54-9A1E7A4F7556}") = "PASSWORD_VALIDATOR", "PASSWORD_VALIDATOR.csproj", "{0C43183A-2C8B-49E9-A573-296FF439B391}"
EndProject
Global
	GlobalSection(SolutionConfigurationPlatforms) = preSolution
		Debug|Any CPU = Debug|Any CPU
		Release|Any CPU = Release|Any CPU
	EndGlobalSection
	GlobalSection(ProjectConfigurationPlatforms) = postSolution
		{0C43183A-2C8B-49E9-A573-296FF439B391}.Debug|Any CPU.ActiveCfg = Debug|Any CPU
		{0C43183A-2C8B-49E9-A573-296FF439B391}.Debug|Any CPU.Build.0 = Debug|Any CPU
		{0C43183A-2C8B-49E9-A573-296FF439B391}.Release|Any CPU.ActiveCfg = Release|Any CPU
		{0C43183A-2C8B-49E9-A573-296FF439B391}.Release|Any CPU.Build.0 = Release|Any CPU
	EndGlobalSection
	GlobalSection(SolutionProperties) = preSolution
		HideSolutionNode = FALSE
	EndGlobalSection
	GlobalSection(ExtensibilityGlobals) = postSolution
		SolutionGuid = {E13127AB-C36C-4B5E-8749-A970E4B08BB4}
	EndGlobalSection
EndGlobal
